
Microsoft Visual Studio Solution File, Format Version 12.00
# Visual Studio Version 16
VisualStudioVersion = 16.0.30413.136
MinimumVisualStudioVersion = 10.0.40219.1
Project("{FAE04EC0-301F-11D3-BF4B-00C04F79EFBC}") = "Proyecto130controltimer", "Proyecto130controltimer\Proyecto130controltimer.csproj", "{CA81C48E-B2C3-4AFA-9163-CBFBE54ADA3B}"
EndProject
Global
	GlobalSection(SolutionConfigurationPlatforms) = preSolution
		Debug|Any CPU = Debug|Any CPU
		Release|Any CPU = Release|Any CPU
	EndGlobalSection
	GlobalSection(ProjectConfigurationPlatforms) = postSolution
		{CA81C48E-B2C3-4AFA-9163-CBFBE54ADA3B}.Debug|Any CPU.ActiveCfg = Debug|Any CPU
		{CA81C48E-B2C3-4AFA-9163-CBFBE54ADA3B}.Debug|Any CPU.Build.0 = Debug|Any CPU
		{CA81C48E-B2C3-4AFA-9163-CBFBE54ADA3B}.Release|Any CPU.ActiveCfg = Release|Any CPU
		{CA81C48E-B2C3-4AFA-9163-CBFBE54ADA3B}.Release|Any CPU.Build.0 = Release|Any CPU
	EndGlobalSection
	GlobalSection(SolutionProperties) = preSolution
		HideSolutionNode = FALSE
	EndGlobalSection
	GlobalSection(ExtensibilityGlobals) = postSolution
		SolutionGuid = {9C1F74E7-47D1-41F6-8A2E-8FC91B74A9D5}
	EndGlobalSection
EndGlobal
